
Microsoft Visual Studio Solution File, Format Version 12.00
# Visual Studio 15
VisualStudioVersion = 15.0.27130.2027
MinimumVisualStudioVersion = 10.0.40219.1
Project("{FAE04EC0-301F-11D3-BF4B-00C04F79EFBC}") = "TestDrivenDevelopment", "TestDrivenDevelopment\TestDrivenDevelopment.csproj", "{5D1D9B20-ED95-4CC7-8D68-209CAF124F9B}"
EndProject
Global
	GlobalSection(SolutionConfigurationPlatforms) = preSolution
		Debug|Any CPU = Debug|Any CPU
		Release|Any CPU = Release|Any CPU
	EndGlobalSection
	GlobalSection(ProjectConfigurationPlatforms) = postSolution
		{5D1D9B20-ED95-4CC7-8D68-209CAF124F9B}.Debug|Any CPU.ActiveCfg = Debug|Any CPU
		{5D1D9B20-ED95-4CC7-8D68-209CAF124F9B}.Debug|Any CPU.Build.0 = Debug|Any CPU
		{5D1D9B20-ED95-4CC7-8D68-209CAF124F9B}.Release|Any CPU.ActiveCfg = Release|Any CPU
		{5D1D9B20-ED95-4CC7-8D68-209CAF124F9B}.Release|Any CPU.Build.0 = Release|Any CPU
	EndGlobalSection
	GlobalSection(SolutionProperties) = preSolution
		HideSolutionNode = FALSE
	EndGlobalSection
	GlobalSection(ExtensibilityGlobals) = postSolution
		SolutionGuid = {335EBCF5-B54C-4184-A929-31C3EE445640}
	EndGlobalSection
EndGlobal
